
Microsoft Visual Studio Solution File, Format Version 12.00
# Visual Studio Version 17
VisualStudioVersion = 17.0.31903.59
MinimumVisualStudioVersion = 10.0.40219.1
Project("{9A19103F-16F7-4668-BE54-9A1E7A4F7556}") = "WebApi", "WebApi\WebApi.csproj", "{38901C04-8B6E-4BDC-945F-22ECE6F36FE3}"
EndProject
Project("{9A19103F-16F7-4668-BE54-9A1E7A4F7556}") = "Entities", "Entities\Entities.csproj", "{ED66F411-D600-4718-8569-696257F84A3A}"
EndProject
Project("{9A19103F-16F7-4668-BE54-9A1E7A4F7556}") = "Repositories", "Repositories\Repositories.csproj", "{BA279704-3731-4BBA-9EB7-531129364B24}"
EndProject
Project("{FAE04EC0-301F-11D3-BF4B-00C04F79EFBC}") = "Services", "Services\Services.csproj", "{4ECD5E1D-287B-4C14-9246-3ED72EC0E4AF}"
EndProject
Global
	GlobalSection(SolutionConfigurationPlatforms) = preSolution
		Debug|Any CPU = Debug|Any CPU
		Release|Any CPU = Release|Any CPU
	EndGlobalSection
	GlobalSection(ProjectConfigurationPlatforms) = postSolution
		{38901C04-8B6E-4BDC-945F-22ECE6F36FE3}.Debug|Any CPU.ActiveCfg = Debug|Any CPU
		{38901C04-8B6E-4BDC-945F-22ECE6F36FE3}.Debug|Any CPU.Build.0 = Debug|Any CPU
		{38901C04-8B6E-4BDC-945F-22ECE6F36FE3}.Release|Any CPU.ActiveCfg = Release|Any CPU
		{38901C04-8B6E-4BDC-945F-22ECE6F36FE3}.Release|Any CPU.Build.0 = Release|Any CPU
		{ED66F411-D600-4718-8569-696257F84A3A}.Debug|Any CPU.ActiveCfg = Debug|Any CPU
		{ED66F411-D600-4718-8569-696257F84A3A}.Debug|Any CPU.Build.0 = Debug|Any CPU
		{ED66F411-D600-4718-8569-696257F84A3A}.Release|Any CPU.ActiveCfg = Release|Any CPU
		{ED66F411-D600-4718-8569-696257F84A3A}.Release|Any CPU.Build.0 = Release|Any CPU
		{BA279704-3731-4BBA-9EB7-531129364B24}.Debug|Any CPU.ActiveCfg = Debug|Any CPU
		{BA279704-3731-4BBA-9EB7-531129364B24}.Debug|Any CPU.Build.0 = Debug|Any CPU
		{BA279704-3731-4BBA-9EB7-531129364B24}.Release|Any CPU.ActiveCfg = Release|Any CPU
		{BA279704-3731-4BBA-9EB7-531129364B24}.Release|Any CPU.Build.0 = Release|Any CPU
		{4ECD5E1D-287B-4C14-9246-3ED72EC0E4AF}.Debug|Any CPU.ActiveCfg = Debug|Any CPU
		{4ECD5E1D-287B-4C14-9246-3ED72EC0E4AF}.Debug|Any CPU.Build.0 = Debug|Any CPU
		{4ECD5E1D-287B-4C14-9246-3ED72EC0E4AF}.Release|Any CPU.ActiveCfg = Release|Any CPU
		{4ECD5E1D-287B-4C14-9246-3ED72EC0E4AF}.Release|Any CPU.Build.0 = Release|Any CPU
	EndGlobalSection
	GlobalSection(SolutionProperties) = preSolution
		HideSolutionNode = FALSE
	EndGlobalSection
	GlobalSection(ExtensibilityGlobals) = postSolution
		SolutionGuid = {EAC07AF8-B054-4D01-8278-82BE1590D7EE}
	EndGlobalSection
EndGlobal
